{
  "requires": true,
  "lockfileVersion": 1,
  "dependencies": {
    "@agm/core": {
      "version": "1.0.0-beta.7",
      "resolved": "https://registry.npmjs.org/@agm/core/-/core-1.0.0-beta.7.tgz",
      "integrity": "sha512-NXJqB2wCahWGSqvQazLHbVrg3Dhg5zTdhG9yP7EVVGfIft5lbY83KLVpbYFeVI/l+ggeJWAC9nVUr7CeDS96uQ==",
      "dev": true
    },
    "@types/googlemaps": {
      "version": "3.37.6",
      "resolved": "https://registry.npmjs.org/@types/googlemaps/-/googlemaps-3.37.6.tgz",
      "integrity": "sha512-ANA1t8sjnLvsxFWVxsbzqj1TTYCwp4j+oOXOiezqCenH2jPwYYhpBSqUzG4A3tpuFW1bL/xhAxhN8DRwDFg2Mw=="
    },
    "ngx-google-places-autocomplete": {
      "version": "2.0.4",
      "resolved": "https://registry.npmjs.org/ngx-google-places-autocomplete/-/ngx-google-places-autocomplete-2.0.4.tgz",
      "integrity": "sha512-ATv/unC6PQbteWEcXsrTFnKI11WdJK0Q45Fq6mUQUr3nIY3GAj+cTelR6fTe50aiK8zajnM4QnACVedLoNOEjA=="
    }
  }
}
